
Microsoft Visual Studio Solution File, Format Version 12.00
# Visual Studio Version 17
VisualStudioVersion = 17.6.33829.357
MinimumVisualStudioVersion = 10.0.40219.1
Project("{FAE04EC0-301F-11D3-BF4B-00C04F79EFBC}") = "Drinks", "Drinks\Drinks.csproj", "{CBB9BE9D-D342-4C47-9042-81E1B26E5DE5}"
EndProject
Global
	GlobalSection(SolutionConfigurationPlatforms) = preSolution
		Debug|Any CPU = Debug|Any CPU
		Release|Any CPU = Release|Any CPU
	EndGlobalSection
	GlobalSection(ProjectConfigurationPlatforms) = postSolution
		{CBB9BE9D-D342-4C47-9042-81E1B26E5DE5}.Debug|Any CPU.ActiveCfg = Debug|Any CPU
		{CBB9BE9D-D342-4C47-9042-81E1B26E5DE5}.Debug|Any CPU.Build.0 = Debug|Any CPU
		{CBB9BE9D-D342-4C47-9042-81E1B26E5DE5}.Release|Any CPU.ActiveCfg = Release|Any CPU
		{CBB9BE9D-D342-4C47-9042-81E1B26E5DE5}.Release|Any CPU.Build.0 = Release|Any CPU
	EndGlobalSection
	GlobalSection(SolutionProperties) = preSolution
		HideSolutionNode = FALSE
	EndGlobalSection
	GlobalSection(ExtensibilityGlobals) = postSolution
		SolutionGuid = {EDD4B17F-0E4B-4AB3-997D-44D03ECC6F90}
	EndGlobalSection
EndGlobal
